<?xml version="1.0" encoding="utf-8"?>
<Project ToolsVersion="4.0" xmlns="http://schemas.microsoft.com/developer/msbuild/2003">
  <ItemGroup>
    <Filter Include="Source Files">
      <UniqueIdentifier>{4FC737F1-C7A5-4376-A066-2A32D752A2FF}</UniqueIdentifier>
      <Extensions>cpp;c;cc;cxx;def;odl;idl;hpj;bat;asm;asmx</Extensions>
    </Filter>
    <Filter Include="Header Files">
      <UniqueIdentifier>{93995380-89BD-4b04-88EB-625FBE52EBFB}</UniqueIdentifier>
      <Extensions>h;hh;hpp;hxx;hm;inl;inc;xsd</Extensions>
    </Filter>
    <Filter Include="Resource Files">
      <UniqueIdentifier>{67DA6AB6-F800-4c08-8B7A-83BB121AAD01}</UniqueIdentifier>
      <Extensions>rc;ico;cur;bmp;dlg;rc2;rct;bin;rgs;gif;jpg;jpeg;jpe;resx;tiff;tif;png;wav;mfcribbon-ms</Extensions>
    </Filter>
  </ItemGroup>
  <ItemGroup>
    <ClCompile Include="src\Source.cpp">
      <Filter>Source Files</Filter>
    </ClCompile>
    <ClCompile Include="src\components\CubeGraphicsComponent.cpp">
      <Filter>Source Files</Filter>
    </ClCompile>
    <ClCompile Include="src\core\Entity.cpp">
      <Filter>Source Files</Filter>
    </ClCompile>
    <ClCompile Include="src\core\ResourceManager.cpp">
      <Filter>Source Files</Filter>
    </ClCompile>
    <ClCompile Include="src\core\Shader.cpp">
      <Filter>Source Files</Filter>
    </ClCompile>
    <ClCompile Include="src\core\Window.cpp">
      <Filter>Source Files</Filter>
    </ClCompile>
    <ClCompile Include="src\utilities\Camera.cpp">
      <Filter>Source Files</Filter>
    </ClCompile>
    <ClCompile Include="src\utilities\Logger.cpp">
      <Filter>Source Files</Filter>
    </ClCompile>
    <ClCompile Include="src\utilities\MessageBus.cpp">
      <Filter>Source Files</Filter>
    </ClCompile>
    <ClCompile Include="src\utilities\Settings.cpp">
      <Filter>Source Files</Filter>
    </ClCompile>
    <ClCompile Include="src\utilities\stb_image.cpp">
      <Filter>Source Files</Filter>
    </ClCompile>
    <ClCompile Include="src\utilities\Time.cpp">
      <Filter>Source Files</Filter>
    </ClCompile>
    <ClCompile Include="src\glad.c">
      <Filter>Source Files</Filter>
    </ClCompile>
    <ClCompile Include="src\scene.cpp">
      <Filter>Source Files</Filter>
    </ClCompile>
    <ClCompile Include="src\core\Renderer.cpp">
      <Filter>Source Files</Filter>
    </ClCompile>
    <ClCompile Include="src\components\QuadGraphicsComponent.cpp">
      <Filter>Source Files</Filter>
    </ClCompile>
    <ClCompile Include="src\components\SphereGraphicsComponent.cpp">
      <Filter>Source Files</Filter>
    </ClCompile>
    <ClCompile Include="src\components\PointLightGraphicsComponent.cpp">
      <Filter>Source Files</Filter>
    </ClCompile>
    <ClCompile Include="src\components\LightComponent.cpp">
      <Filter>Source Files</Filter>
    </ClCompile>
    <ClCompile Include="src\components\DirectionalLightComponent.cpp">
      <Filter>Source Files</Filter>
    </ClCompile>
    <ClCompile Include="src\core\Mouse.cpp">
      <Filter>Source Files</Filter>
    </ClCompile>
    <ClCompile Include="src\components\ModelComponent.cpp">
      <Filter>Source Files</Filter>
    </ClCompile>
  </ItemGroup>
  <ItemGroup>
    <ClInclude Include="src\components\CubeGraphicsComponent.h">
      <Filter>Header Files</Filter>
    </ClInclude>
    <ClInclude Include="src\components\GraphicsComponent.h">
      <Filter>Header Files</Filter>
    </ClInclude>
    <ClInclude Include="src\core\Entity.h">
      <Filter>Header Files</Filter>
    </ClInclude>
    <ClInclude Include="src\core\ResourceManager.h">
      <Filter>Header Files</Filter>
    </ClInclude>
    <ClInclude Include="src\core\Shader.h">
      <Filter>Header Files</Filter>
    </ClInclude>
    <ClInclude Include="src\core\Window.h">
      <Filter>Header Files</Filter>
    </ClInclude>
    <ClInclude Include="src\utilities\BusNode.h">
      <Filter>Header Files</Filter>
    </ClInclude>
    <ClInclude Include="src\utilities\Camera.h">
      <Filter>Header Files</Filter>
    </ClInclude>
    <ClInclude Include="src\utilities\Logger.h">
      <Filter>Header Files</Filter>
    </ClInclude>
    <ClInclude Include="src\utilities\Message.h">
      <Filter>Header Files</Filter>
    </ClInclude>
    <ClInclude Include="src\utilities\MessageBus.h">
      <Filter>Header Files</Filter>
    </ClInclude>
    <ClInclude Include="src\utilities\Settings.h">
      <Filter>Header Files</Filter>
    </ClInclude>
    <ClInclude Include="src\utilities\stb_image.h">
      <Filter>Header Files</Filter>
    </ClInclude>
    <ClInclude Include="src\utilities\Time.h">
      <Filter>Header Files</Filter>
    </ClInclude>
    <ClInclude Include="src\core\Renderer.h">
      <Filter>Header Files</Filter>
    </ClInclude>
    <ClInclude Include="src\components\QuadGraphicsComponent.h">
      <Filter>Header Files</Filter>
    </ClInclude>
    <ClInclude Include="src\components\SphereGraphicsComponent.h">
      <Filter>Header Files</Filter>
    </ClInclude>
    <ClInclude Include="src\components\PointLightGraphicsComponent.h">
      <Filter>Header Files</Filter>
    </ClInclude>
    <ClInclude Include="src\components\Component.h">
      <Filter>Header Files</Filter>
    </ClInclude>
    <ClInclude Include="src\components\LightComponent.h">
      <Filter>Header Files</Filter>
    </ClInclude>
    <ClInclude Include="src\components\DirectionalLightComponent.h">
      <Filter>Header Files</Filter>
    </ClInclude>
    <ClInclude Include="src\core\Mouse.h">
      <Filter>Header Files</Filter>
    </ClInclude>
    <ClInclude Include="src\tiny_obj_loader.h">
      <Filter>Header Files</Filter>
    </ClInclude>
    <ClInclude Include="src\components\ModelComponent.h">
      <Filter>Header Files</Filter>
    </ClInclude>
  </ItemGroup>
  <ItemGroup>
    <None Include="src\shaders\basic.fs" />
    <None Include="src\shaders\basic.vs" />
    <None Include="src\shaders\passThrough.vs" />
    <None Include="src\shaders\simpleTexture.fs" />
    <None Include="src\shaders\cube.vs" />
    <None Include="src\shaders\cube.fs" />
    <None Include="src\shaders\light.vs" />
    <None Include="src\shaders\light.fs" />
    <None Include="src\shaders\pointLight.fs" />
    <None Include="src\shaders\pointLight.vs" />
    <None Include="src\shaders\directional_light.fs" />
    <None Include="src\shaders\directional_light.vs" />
    <None Include="src\shaders\model.vs" />
    <None Include="src\shaders\model.fs" />
    <None Include="src\shaders\shadow.vs" />
    <None Include="src\shaders\shadow.fs" />
    <None Include="test.lua" />
  </ItemGroup>
</Project>